
Microsoft Visual Studio Solution File, Format Version 12.00
# Visual Studio Version 16
VisualStudioVersion = 16.0.28803.202
MinimumVisualStudioVersion = 10.0.40219.1
Project("{FAE04EC0-301F-11D3-BF4B-00C04F79EFBC}") = "MessageQueue.Core", "MessageQueue.Core\MessageQueue.Core.csproj", "{81737AE1-6E2A-4194-B97A-9BAB256FE04A}"
EndProject
Project("{FAE04EC0-301F-11D3-BF4B-00C04F79EFBC}") = "MessageQueue.CofigurationProvider.Core", "MessageQueue.CofigurationProvider.Core\MessageQueue.CofigurationProvider.Core.csproj", "{92C04EFA-C783-4F82-9955-3438FDE7014A}"
EndProject
Global
	GlobalSection(SolutionConfigurationPlatforms) = preSolution
		Debug|Any CPU = Debug|Any CPU
		Release|Any CPU = Release|Any CPU
	EndGlobalSection
	GlobalSection(ProjectConfigurationPlatforms) = postSolution
		{81737AE1-6E2A-4194-B97A-9BAB256FE04A}.Debug|Any CPU.ActiveCfg = Debug|Any CPU
		{81737AE1-6E2A-4194-B97A-9BAB256FE04A}.Debug|Any CPU.Build.0 = Debug|Any CPU
		{81737AE1-6E2A-4194-B97A-9BAB256FE04A}.Release|Any CPU.ActiveCfg = Release|Any CPU
		{81737AE1-6E2A-4194-B97A-9BAB256FE04A}.Release|Any CPU.Build.0 = Release|Any CPU
		{92C04EFA-C783-4F82-9955-3438FDE7014A}.Debug|Any CPU.ActiveCfg = Debug|Any CPU
		{92C04EFA-C783-4F82-9955-3438FDE7014A}.Debug|Any CPU.Build.0 = Debug|Any CPU
		{92C04EFA-C783-4F82-9955-3438FDE7014A}.Release|Any CPU.ActiveCfg = Release|Any CPU
		{92C04EFA-C783-4F82-9955-3438FDE7014A}.Release|Any CPU.Build.0 = Release|Any CPU
	EndGlobalSection
	GlobalSection(SolutionProperties) = preSolution
		HideSolutionNode = FALSE
	EndGlobalSection
	GlobalSection(ExtensibilityGlobals) = postSolution
		SolutionGuid = {A4002626-BF2C-44E8-A775-7E37AFE0C062}
	EndGlobalSection
EndGlobal
